// !$*UTF8*$!
{
	archiveVersion = 1;
	classes = {
	};
	objectVersion = 46;
	objects = {

/* Begin PBXBuildFile section */
		383D4A541CC0713600D7FBD8 /* LabelExtensions.swift in Sources */ = {isa = PBXBuildFile; fileRef = 383D4A531CC0713600D7FBD8 /* LabelExtensions.swift */; };
		383D4A5A1CCEB2A400D7FBD8 /* UILabel+DrawAnimation.m in Sources */ = {isa = PBXBuildFile; fileRef = 383D4A581CCEB2A400D7FBD8 /* UILabel+DrawAnimation.m */; };
		383D4A601CCEC8FC00D7FBD8 /* Panton-ExtraLight.otf in Resources */ = {isa = PBXBuildFile; fileRef = 383D4A5D1CCEC8FC00D7FBD8 /* Panton-ExtraLight.otf */; };
		383D4A611CCEC8FC00D7FBD8 /* Panton-Light.otf in Resources */ = {isa = PBXBuildFile; fileRef = 383D4A5E1CCEC8FC00D7FBD8 /* Panton-Light.otf */; };
		383D4A621CCEC8FC00D7FBD8 /* Panton-Thin.otf in Resources */ = {isa = PBXBuildFile; fileRef = 383D4A5F1CCEC8FC00D7FBD8 /* Panton-Thin.otf */; };
		383D4A651CCECC9500D7FBD8 /* HackathonsViewController.swift in Sources */ = {isa = PBXBuildFile; fileRef = 383D4A631CCECC9500D7FBD8 /* HackathonsViewController.swift */; };
		383D4A661CCECC9500D7FBD8 /* HackathonsViewController.xib in Resources */ = {isa = PBXBuildFile; fileRef = 383D4A641CCECC9500D7FBD8 /* HackathonsViewController.xib */; };
		383D4A691CCECCAA00D7FBD8 /* SkillsViewController.swift in Sources */ = {isa = PBXBuildFile; fileRef = 383D4A671CCECCAA00D7FBD8 /* SkillsViewController.swift */; };
		383D4A6A1CCECCAA00D7FBD8 /* SkillsViewController.xib in Resources */ = {isa = PBXBuildFile; fileRef = 383D4A681CCECCAA00D7FBD8 /* SkillsViewController.xib */; };
		383D4A6F1CCECCD300D7FBD8 /* FinalViewController.swift in Sources */ = {isa = PBXBuildFile; fileRef = 383D4A6D1CCECCD300D7FBD8 /* FinalViewController.swift */; };
		383D4A701CCECCD300D7FBD8 /* FinalViewController.xib in Resources */ = {isa = PBXBuildFile; fileRef = 383D4A6E1CCECCD300D7FBD8 /* FinalViewController.xib */; };
		383D4A721CCF00A900D7FBD8 /* ComponentViewController.swift in Sources */ = {isa = PBXBuildFile; fileRef = 383D4A711CCF00A900D7FBD8 /* ComponentViewController.swift */; };
		383D4A751CCF026600D7FBD8 /* ExperienceViewController.swift in Sources */ = {isa = PBXBuildFile; fileRef = 383D4A731CCF026600D7FBD8 /* ExperienceViewController.swift */; };
		383D4A761CCF026600D7FBD8 /* ExperienceViewController.xib in Resources */ = {isa = PBXBuildFile; fileRef = 383D4A741CCF026600D7FBD8 /* ExperienceViewController.xib */; };
		383D4A7B1CD02B6B00D7FBD8 /* art.scnassets in Resources */ = {isa = PBXBuildFile; fileRef = 383D4A781CD02B6B00D7FBD8 /* art.scnassets */; };
		383D4A7C1CD02B6B00D7FBD8 /* GameViewController.m in Sources */ = {isa = PBXBuildFile; fileRef = 383D4A7A1CD02B6B00D7FBD8 /* GameViewController.m */; };
		383D4A7F1CD0627F00D7FBD8 /* PocketSVG.m in Sources */ = {isa = PBXBuildFile; fileRef = 383D4A7D1CD0627F00D7FBD8 /* PocketSVG.m */; };
		383D4A821CD066DF00D7FBD8 /* Apple_logo_black.svg in Resources */ = {isa = PBXBuildFile; fileRef = 383D4A811CD066DF00D7FBD8 /* Apple_logo_black.svg */; };
		387850961CB8E23400E50BD8 /* AppDelegate.swift in Sources */ = {isa = PBXBuildFile; fileRef = 387850951CB8E23400E50BD8 /* AppDelegate.swift */; };
		387850981CB8E23400E50BD8 /* ViewController.swift in Sources */ = {isa = PBXBuildFile; fileRef = 387850971CB8E23400E50BD8 /* ViewController.swift */; };
		3878509B1CB8E23400E50BD8 /* Main.storyboard in Resources */ = {isa = PBXBuildFile; fileRef = 387850991CB8E23400E50BD8 /* Main.storyboard */; };
		3878509D1CB8E23400E50BD8 /* Assets.xcassets in Resources */ = {isa = PBXBuildFile; fileRef = 3878509C1CB8E23400E50BD8 /* Assets.xcassets */; };
		387850A01CB8E23400E50BD8 /* LaunchScreen.storyboard in Resources */ = {isa = PBXBuildFile; fileRef = 3878509E1CB8E23400E50BD8 /* LaunchScreen.storyboard */; };
		387850BA1CB9535300E50BD8 /* FontExtensions.swift in Sources */ = {isa = PBXBuildFile; fileRef = 387850B91CB9535300E50BD8 /* FontExtensions.swift */; };
		387850CA1CB9CCFB00E50BD8 /* AboutViewController.swift in Sources */ = {isa = PBXBuildFile; fileRef = 387850C81CB9CCFB00E50BD8 /* AboutViewController.swift */; };
		387850CB1CB9CCFB00E50BD8 /* AboutViewController.xib in Resources */ = {isa = PBXBuildFile; fileRef = 387850C91CB9CCFB00E50BD8 /* AboutViewController.xib */; };
		387850CE1CB9CD5200E50BD8 /* TitleViewController.swift in Sources */ = {isa = PBXBuildFile; fileRef = 387850CC1CB9CD5200E50BD8 /* TitleViewController.swift */; };
		387850CF1CB9CD5200E50BD8 /* TitleViewController.xib in Resources */ = {isa = PBXBuildFile; fileRef = 387850CD1CB9CD5200E50BD8 /* TitleViewController.xib */; };
		387850D21CB9DF6D00E50BD8 /* UIColor+Expanded.m in Sources */ = {isa = PBXBuildFile; fileRef = 387850D11CB9DF6D00E50BD8 /* UIColor+Expanded.m */; };
		387850D41CB9F94400E50BD8 /* ShapeLayerExtensions.swift in Sources */ = {isa = PBXBuildFile; fileRef = 387850D31CB9F94400E50BD8 /* ShapeLayerExtensions.swift */; };
/* End PBXBuildFile section */

/* Begin PBXFileReference section */
		383D4A531CC0713600D7FBD8 /* LabelExtensions.swift */ = {isa = PBXFileReference; fileEncoding = 4; lastKnownFileType = sourcecode.swift; path = LabelExtensions.swift; sourceTree = "<group>"; };
		383D4A581CCEB2A400D7FBD8 /* UILabel+DrawAnimation.m */ = {isa = PBXFileReference; fileEncoding = 4; lastKnownFileType = sourcecode.c.objc; path = "UILabel+DrawAnimation.m"; sourceTree = "<group>"; };
		383D4A591CCEB2A400D7FBD8 /* UILabel+DrawAnimation.h */ = {isa = PBXFileReference; fileEncoding = 4; lastKnownFileType = sourcecode.c.h; path = "UILabel+DrawAnimation.h"; sourceTree = "<group>"; };
		383D4A5D1CCEC8FC00D7FBD8 /* Panton-ExtraLight.otf */ = {isa = PBXFileReference; lastKnownFileType = file; path = "Panton-ExtraLight.otf"; sourceTree = "<group>"; };
		383D4A5E1CCEC8FC00D7FBD8 /* Panton-Light.otf */ = {isa = PBXFileReference; lastKnownFileType = file; path = "Panton-Light.otf"; sourceTree = "<group>"; };
		383D4A5F1CCEC8FC00D7FBD8 /* Panton-Thin.otf */ = {isa = PBXFileReference; lastKnownFileType = file; path = "Panton-Thin.otf"; sourceTree = "<group>"; };
		383D4A631CCECC9500D7FBD8 /* HackathonsViewController.swift */ = {isa = PBXFileReference; fileEncoding = 4; lastKnownFileType = sourcecode.swift; path = HackathonsViewController.swift; sourceTree = "<group>"; };
		383D4A641CCECC9500D7FBD8 /* HackathonsViewController.xib */ = {isa = PBXFileReference; fileEncoding = 4; lastKnownFileType = file.xib; path = HackathonsViewController.xib; sourceTree = "<group>"; };
		383D4A671CCECCAA00D7FBD8 /* SkillsViewController.swift */ = {isa = PBXFileReference; fileEncoding = 4; lastKnownFileType = sourcecode.swift; path = SkillsViewController.swift; sourceTree = "<group>"; };
		383D4A681CCECCAA00D7FBD8 /* SkillsViewController.xib */ = {isa = PBXFileReference; fileEncoding = 4; lastKnownFileType = file.xib; path = SkillsViewController.xib; sourceTree = "<group>"; };
		383D4A6D1CCECCD300D7FBD8 /* FinalViewController.swift */ = {isa = PBXFileReference; fileEncoding = 4; lastKnownFileType = sourcecode.swift; path = FinalViewController.swift; sourceTree = "<group>"; };
		383D4A6E1CCECCD300D7FBD8 /* FinalViewController.xib */ = {isa = PBXFileReference; fileEncoding = 4; lastKnownFileType = file.xib; path = FinalViewController.xib; sourceTree = "<group>"; };
		383D4A711CCF00A900D7FBD8 /* ComponentViewController.swift */ = {isa = PBXFileReference; fileEncoding = 4; lastKnownFileType = sourcecode.swift; path = ComponentViewController.swift; sourceTree = "<group>"; };
		383D4A731CCF026600D7FBD8 /* ExperienceViewController.swift */ = {isa = PBXFileReference; fileEncoding = 4; lastKnownFileType = sourcecode.swift; path = ExperienceViewController.swift; sourceTree = "<group>"; };
		383D4A741CCF026600D7FBD8 /* ExperienceViewController.xib */ = {isa = PBXFileReference; fileEncoding = 4; lastKnownFileType = file.xib; path = ExperienceViewController.xib; sourceTree = "<group>"; };
		383D4A781CD02B6B00D7FBD8 /* art.scnassets */ = {isa = PBXFileReference; lastKnownFileType = wrapper.scnassets; path = art.scnassets; sourceTree = "<group>"; };
		383D4A791CD02B6B00D7FBD8 /* GameViewController.h */ = {isa = PBXFileReference; fileEncoding = 4; lastKnownFileType = sourcecode.c.h; path = GameViewController.h; sourceTree = "<group>"; };
		383D4A7A1CD02B6B00D7FBD8 /* GameViewController.m */ = {isa = PBXFileReference; fileEncoding = 4; lastKnownFileType = sourcecode.c.objc; path = GameViewController.m; sourceTree = "<group>"; };
		383D4A7D1CD0627F00D7FBD8 /* PocketSVG.m */ = {isa = PBXFileReference; fileEncoding = 4; lastKnownFileType = sourcecode.c.objc; path = PocketSVG.m; sourceTree = "<group>"; };
		383D4A7E1CD0627F00D7FBD8 /* PocketSVG.h */ = {isa = PBXFileReference; fileEncoding = 4; lastKnownFileType = sourcecode.c.h; path = PocketSVG.h; sourceTree = "<group>"; };
		383D4A811CD066DF00D7FBD8 /* Apple_logo_black.svg */ = {isa = PBXFileReference; fileEncoding = 4; lastKnownFileType = text.xml; path = Apple_logo_black.svg; sourceTree = "<group>"; };
		387850921CB8E23400E50BD8 /* SCWWDC.app */ = {isa = PBXFileReference; explicitFileType = wrapper.application; includeInIndex = 0; path = SCWWDC.app; sourceTree = BUILT_PRODUCTS_DIR; };
		387850951CB8E23400E50BD8 /* AppDelegate.swift */ = {isa = PBXFileReference; lastKnownFileType = sourcecode.swift; path = AppDelegate.swift; sourceTree = "<group>"; };
		387850971CB8E23400E50BD8 /* ViewController.swift */ = {isa = PBXFileReference; lastKnownFileType = sourcecode.swift; path = ViewController.swift; sourceTree = "<group>"; };
		3878509A1CB8E23400E50BD8 /* Base */ = {isa = PBXFileReference; lastKnownFileType = file.storyboard; name = Base; path = Base.lproj/Main.storyboard; sourceTree = "<group>"; };
		3878509C1CB8E23400E50BD8 /* Assets.xcassets */ = {isa = PBXFileReference; lastKnownFileType = folder.assetcatalog; path = Assets.xcassets; sourceTree = "<group>"; };
		3878509F1CB8E23400E50BD8 /* Base */ = {isa = PBXFileReference; lastKnownFileType = file.storyboard; name = Base; path = Base.lproj/LaunchScreen.storyboard; sourceTree = "<group>"; };
		387850A11CB8E23400E50BD8 /* Info.plist */ = {isa = PBXFileReference; lastKnownFileType = text.plist.xml; path = Info.plist; sourceTree = "<group>"; };
		387850B91CB9535300E50BD8 /* FontExtensions.swift */ = {isa = PBXFileReference; fileEncoding = 4; lastKnownFileType = sourcecode.swift; path = FontExtensions.swift; sourceTree = "<group>"; };
		387850C01CB979A500E50BD8 /* SCWWDC-Bridging-Header.h */ = {isa = PBXFileReference; lastKnownFileType = sourcecode.c.h; path = "SCWWDC-Bridging-Header.h"; sourceTree = "<group>"; };
		387850C81CB9CCFB00E50BD8 /* AboutViewController.swift */ = {isa = PBXFileReference; fileEncoding = 4; lastKnownFileType = sourcecode.swift; path = AboutViewController.swift; sourceTree = "<group>"; };
		387850C91CB9CCFB00E50BD8 /* AboutViewController.xib */ = {isa = PBXFileReference; fileEncoding = 4; lastKnownFileType = file.xib; path = AboutViewController.xib; sourceTree = "<group>"; };
		387850CC1CB9CD5200E50BD8 /* TitleViewController.swift */ = {isa = PBXFileReference; fileEncoding = 4; lastKnownFileType = sourcecode.swift; path = TitleViewController.swift; sourceTree = "<group>"; };
		387850CD1CB9CD5200E50BD8 /* TitleViewController.xib */ = {isa = PBXFileReference; fileEncoding = 4; lastKnownFileType = file.xib; path = TitleViewController.xib; sourceTree = "<group>"; };
		387850D01CB9DF6D00E50BD8 /* UIColor+Expanded.h */ = {isa = PBXFileReference; fileEncoding = 4; lastKnownFileType = sourcecode.c.h; path = "UIColor+Expanded.h"; sourceTree = "<group>"; };
		387850D11CB9DF6D00E50BD8 /* UIColor+Expanded.m */ = {isa = PBXFileReference; fileEncoding = 4; lastKnownFileType = sourcecode.c.objc; path = "UIColor+Expanded.m"; sourceTree = "<group>"; };
		387850D31CB9F94400E50BD8 /* ShapeLayerExtensions.swift */ = {isa = PBXFileReference; fileEncoding = 4; lastKnownFileType = sourcecode.swift; path = ShapeLayerExtensions.swift; sourceTree = "<group>"; };
/* End PBXFileReference section */

/* Begin PBXFrameworksBuildPhase section */
		3878508F1CB8E23400E50BD8 /* Frameworks */ = {
			isa = PBXFrameworksBuildPhase;
			buildActionMask = 2147483647;
			files = (
			);
			runOnlyForDeploymentPostprocessing = 0;
		};
/* End PBXFrameworksBuildPhase section */

/* Begin PBXGroup section */
		383D4A771CD02B4800D7FBD8 /* SceneKit */ = {
			isa = PBXGroup;
			children = (
				383D4A781CD02B6B00D7FBD8 /* art.scnassets */,
				383D4A791CD02B6B00D7FBD8 /* GameViewController.h */,
				383D4A7A1CD02B6B00D7FBD8 /* GameViewController.m */,
			);
			name = SceneKit;
			sourceTree = "<group>";
		};
		383D4A801CD0669400D7FBD8 /* SVG */ = {
			isa = PBXGroup;
			children = (
				383D4A811CD066DF00D7FBD8 /* Apple_logo_black.svg */,
				383D4A7E1CD0627F00D7FBD8 /* PocketSVG.h */,
				383D4A7D1CD0627F00D7FBD8 /* PocketSVG.m */,
			);
			name = SVG;
			sourceTree = "<group>";
		};
		387850891CB8E23400E50BD8 = {
			isa = PBXGroup;
			children = (
				387850941CB8E23400E50BD8 /* SCWWDC */,
				387850931CB8E23400E50BD8 /* Products */,
			);
			sourceTree = "<group>";
		};
		387850931CB8E23400E50BD8 /* Products */ = {
			isa = PBXGroup;
			children = (
				387850921CB8E23400E50BD8 /* SCWWDC.app */,
			);
			name = Products;
			sourceTree = "<group>";
		};
		387850941CB8E23400E50BD8 /* SCWWDC */ = {
			isa = PBXGroup;
			children = (
				383D4A801CD0669400D7FBD8 /* SVG */,
				387850C01CB979A500E50BD8 /* SCWWDC-Bridging-Header.h */,
				387850951CB8E23400E50BD8 /* AppDelegate.swift */,
				387850971CB8E23400E50BD8 /* ViewController.swift */,
				383D4A771CD02B4800D7FBD8 /* SceneKit */,
				387850BD1CB9748100E50BD8 /* Component View Controllers */,
				387850B41CB8E86C00E50BD8 /* Extensions */,
				387850A71CB8E47500E50BD8 /* Resources */,
				387850991CB8E23400E50BD8 /* Main.storyboard */,
				3878509C1CB8E23400E50BD8 /* Assets.xcassets */,
				3878509E1CB8E23400E50BD8 /* LaunchScreen.storyboard */,
				387850A11CB8E23400E50BD8 /* Info.plist */,
			);
			path = SCWWDC;
			sourceTree = "<group>";
		};
		387850A71CB8E47500E50BD8 /* Resources */ = {
			isa = PBXGroup;
			children = (
				383D4A5D1CCEC8FC00D7FBD8 /* Panton-ExtraLight.otf */,
				383D4A5E1CCEC8FC00D7FBD8 /* Panton-Light.otf */,
				383D4A5F1CCEC8FC00D7FBD8 /* Panton-Thin.otf */,
			);
			name = Resources;
			sourceTree = "<group>";
		};
		387850B41CB8E86C00E50BD8 /* Extensions */ = {
			isa = PBXGroup;
			children = (
				383D4A591CCEB2A400D7FBD8 /* UILabel+DrawAnimation.h */,
				383D4A581CCEB2A400D7FBD8 /* UILabel+DrawAnimation.m */,
				387850D01CB9DF6D00E50BD8 /* UIColor+Expanded.h */,
				387850D11CB9DF6D00E50BD8 /* UIColor+Expanded.m */,
				387850B91CB9535300E50BD8 /* FontExtensions.swift */,
				387850D31CB9F94400E50BD8 /* ShapeLayerExtensions.swift */,
				383D4A531CC0713600D7FBD8 /* LabelExtensions.swift */,
			);
			name = Extensions;
			sourceTree = "<group>";
		};
		387850BD1CB9748100E50BD8 /* Component View Controllers */ = {
			isa = PBXGroup;
			children = (
				383D4A711CCF00A900D7FBD8 /* ComponentViewController.swift */,
				387850CC1CB9CD5200E50BD8 /* TitleViewController.swift */,
				387850CD1CB9CD5200E50BD8 /* TitleViewController.xib */,
				387850C81CB9CCFB00E50BD8 /* AboutViewController.swift */,
				387850C91CB9CCFB00E50BD8 /* AboutViewController.xib */,
				383D4A631CCECC9500D7FBD8 /* HackathonsViewController.swift */,
				383D4A641CCECC9500D7FBD8 /* HackathonsViewController.xib */,
				383D4A671CCECCAA00D7FBD8 /* SkillsViewController.swift */,
				383D4A681CCECCAA00D7FBD8 /* SkillsViewController.xib */,
				383D4A731CCF026600D7FBD8 /* ExperienceViewController.swift */,
				383D4A741CCF026600D7FBD8 /* ExperienceViewController.xib */,
				383D4A6D1CCECCD300D7FBD8 /* FinalViewController.swift */,
				383D4A6E1CCECCD300D7FBD8 /* FinalViewController.xib */,
			);
			name = "Component View Controllers";
			sourceTree = "<group>";
		};
/* End PBXGroup section */

/* Begin PBXNativeTarget section */
		387850911CB8E23400E50BD8 /* SCWWDC */ = {
			isa = PBXNativeTarget;
			buildConfigurationList = 387850A41CB8E23400E50BD8 /* Build configuration list for PBXNativeTarget "SCWWDC" */;
			buildPhases = (
				3878508E1CB8E23400E50BD8 /* Sources */,
				3878508F1CB8E23400E50BD8 /* Frameworks */,
				387850901CB8E23400E50BD8 /* Resources */,
			);
			buildRules = (
			);
			dependencies = (
			);
			name = SCWWDC;
			productName = SCWWDC;
			productReference = 387850921CB8E23400E50BD8 /* SCWWDC.app */;
			productType = "com.apple.product-type.application";
		};
/* End PBXNativeTarget section */

/* Begin PBXProject section */
		3878508A1CB8E23400E50BD8 /* Project object */ = {
			isa = PBXProject;
			attributes = {
				LastSwiftMigration = 0730;
				LastSwiftUpdateCheck = 0730;
				LastUpgradeCheck = 0730;
				ORGANIZATIONNAME = "Sebastian Cain";
				TargetAttributes = {
					387850911CB8E23400E50BD8 = {
						CreatedOnToolsVersion = 7.3;
					};
				};
			};
			buildConfigurationList = 3878508D1CB8E23400E50BD8 /* Build configuration list for PBXProject "SCWWDC" */;
			compatibilityVersion = "Xcode 3.2";
			developmentRegion = English;
			hasScannedForEncodings = 0;
			knownRegions = (
				en,
				Base,
			);
			mainGroup = 387850891CB8E23400E50BD8;
			productRefGroup = 387850931CB8E23400E50BD8 /* Products */;
			projectDirPath = "";
			projectRoot = "";
			targets = (
				387850911CB8E23400E50BD8 /* SCWWDC */,
			);
		};
/* End PBXProject section */

/* Begin PBXResourcesBuildPhase section */
		387850901CB8E23400E50BD8 /* Resources */ = {
			isa = PBXResourcesBuildPhase;
			buildActionMask = 2147483647;
			files = (
				387850A01CB8E23400E50BD8 /* LaunchScreen.storyboard in Resources */,
				387850CF1CB9CD5200E50BD8 /* TitleViewController.xib in Resources */,
				383D4A7B1CD02B6B00D7FBD8 /* art.scnassets in Resources */,
				3878509D1CB8E23400E50BD8 /* Assets.xcassets in Resources */,
				383D4A601CCEC8FC00D7FBD8 /* Panton-ExtraLight.otf in Resources */,
				383D4A761CCF026600D7FBD8 /* ExperienceViewController.xib in Resources */,
				383D4A821CD066DF00D7FBD8 /* Apple_logo_black.svg in Resources */,
				383D4A6A1CCECCAA00D7FBD8 /* SkillsViewController.xib in Resources */,
				387850CB1CB9CCFB00E50BD8 /* AboutViewController.xib in Resources */,
				383D4A701CCECCD300D7FBD8 /* FinalViewController.xib in Resources */,
				383D4A611CCEC8FC00D7FBD8 /* Panton-Light.otf in Resources */,
				383D4A661CCECC9500D7FBD8 /* HackathonsViewController.xib in Resources */,
				383D4A621CCEC8FC00D7FBD8 /* Panton-Thin.otf in Resources */,
				3878509B1CB8E23400E50BD8 /* Main.storyboard in Resources */,
			);
			runOnlyForDeploymentPostprocessing = 0;
		};
/* End PBXResourcesBuildPhase section */

/* Begin PBXSourcesBuildPhase section */
		3878508E1CB8E23400E50BD8 /* Sources */ = {
			isa = PBXSourcesBuildPhase;
			buildActionMask = 2147483647;
			files = (
				383D4A751CCF026600D7FBD8 /* ExperienceViewController.swift in Sources */,
				383D4A691CCECCAA00D7FBD8 /* SkillsViewController.swift in Sources */,
				387850981CB8E23400E50BD8 /* ViewController.swift in Sources */,
				383D4A6F1CCECCD300D7FBD8 /* FinalViewController.swift in Sources */,
				387850961CB8E23400E50BD8 /* AppDelegate.swift in Sources */,
				383D4A651CCECC9500D7FBD8 /* HackathonsViewController.swift in Sources */,
				387850D21CB9DF6D00E50BD8 /* UIColor+Expanded.m in Sources */,
				387850CE1CB9CD5200E50BD8 /* TitleViewController.swift in Sources */,
				387850BA1CB9535300E50BD8 /* FontExtensions.swift in Sources */,
				387850D41CB9F94400E50BD8 /* ShapeLayerExtensions.swift in Sources */,
				383D4A7C1CD02B6B00D7FBD8 /* GameViewController.m in Sources */,
				383D4A721CCF00A900D7FBD8 /* ComponentViewController.swift in Sources */,
				383D4A7F1CD0627F00D7FBD8 /* PocketSVG.m in Sources */,
				387850CA1CB9CCFB00E50BD8 /* AboutViewController.swift in Sources */,
				383D4A5A1CCEB2A400D7FBD8 /* UILabel+DrawAnimation.m in Sources */,
				383D4A541CC0713600D7FBD8 /* LabelExtensions.swift in Sources */,
			);
			runOnlyForDeploymentPostprocessing = 0;
		};
/* End PBXSourcesBuildPhase section */

/* Begin PBXVariantGroup section */
		387850991CB8E23400E50BD8 /* Main.storyboard */ = {
			isa = PBXVariantGroup;
			children = (
				3878509A1CB8E23400E50BD8 /* Base */,
			);
			name = Main.storyboard;
			sourceTree = "<group>";
		};
		3878509E1CB8E23400E50BD8 /* LaunchScreen.storyboard */ = {
			isa = PBXVariantGroup;
			children = (
				3878509F1CB8E23400E50BD8 /* Base */,
			);
			name = LaunchScreen.storyboard;
			sourceTree = "<group>";
		};
/* End PBXVariantGroup section */

/* Begin XCBuildConfiguration section */
		387850A21CB8E23400E50BD8 /* Debug */ = {
			isa = XCBuildConfiguration;
			buildSettings = {
				ALWAYS_SEARCH_USER_PATHS = NO;
				CLANG_ANALYZER_NONNULL = YES;
				CLANG_CXX_LANGUAGE_STANDARD = "gnu++0x";
				CLANG_CXX_LIBRARY = "libc++";
				CLANG_ENABLE_MODULES = YES;
				CLANG_ENABLE_OBJC_ARC = YES;
				CLANG_WARN_BOOL_CONVERSION = YES;
				CLANG_WARN_CONSTANT_CONVERSION = YES;
				CLANG_WARN_DIRECT_OBJC_ISA_USAGE = YES_ERROR;
				CLANG_WARN_EMPTY_BODY = YES;
				CLANG_WARN_ENUM_CONVERSION = YES;
				CLANG_WARN_INT_CONVERSION = YES;
				CLANG_WARN_OBJC_ROOT_CLASS = YES_ERROR;
				CLANG_WARN_UNREACHABLE_CODE = YES;
				CLANG_WARN__DUPLICATE_METHOD_MATCH = YES;
				"CODE_SIGN_IDENTITY[sdk=iphoneos*]" = "iPhone Developer";
				COPY_PHASE_STRIP = NO;
				DEBUG_INFORMATION_FORMAT = dwarf;
				ENABLE_STRICT_OBJC_MSGSEND = YES;
				ENABLE_TESTABILITY = YES;
				GCC_C_LANGUAGE_STANDARD = gnu99;
				GCC_DYNAMIC_NO_PIC = NO;
				GCC_NO_COMMON_BLOCKS = YES;
				GCC_OPTIMIZATION_LEVEL = 0;
				GCC_PREPROCESSOR_DEFINITIONS = (
					"DEBUG=1",
					"$(inherited)",
				);
				GCC_WARN_64_TO_32_BIT_CONVERSION = YES;
				GCC_WARN_ABOUT_RETURN_TYPE = YES_ERROR;
				GCC_WARN_UNDECLARED_SELECTOR = YES;
				GCC_WARN_UNINITIALIZED_AUTOS = YES_AGGRESSIVE;
				GCC_WARN_UNUSED_FUNCTION = YES;
				GCC_WARN_UNUSED_VARIABLE = YES;
				IPHONEOS_DEPLOYMENT_TARGET = 9.3;
				MTL_ENABLE_DEBUG_INFO = YES;
				ONLY_ACTIVE_ARCH = YES;
				SDKROOT = iphoneos;
				SWIFT_OPTIMIZATION_LEVEL = "-Onone";
				TARGETED_DEVICE_FAMILY = "1,2";
			};
			name = Debug;
		};
		387850A31CB8E23400E50BD8 /* Release */ = {
			isa = XCBuildConfiguration;
			buildSettings = {
				ALWAYS_SEARCH_USER_PATHS = NO;
				CLANG_ANALYZER_NONNULL = YES;
				CLANG_CXX_LANGUAGE_STANDARD = "gnu++0x";
				CLANG_CXX_LIBRARY = "libc++";
				CLANG_ENABLE_MODULES = YES;
				CLANG_ENABLE_OBJC_ARC = YES;
				CLANG_WARN_BOOL_CONVERSION = YES;
				CLANG_WARN_CONSTANT_CONVERSION = YES;
				CLANG_WARN_DIRECT_OBJC_ISA_USAGE = YES_ERROR;
				CLANG_WARN_EMPTY_BODY = YES;
				CLANG_WARN_ENUM_CONVERSION = YES;
				CLANG_WARN_INT_CONVERSION = YES;
				CLANG_WARN_OBJC_ROOT_CLASS = YES_ERROR;
				CLANG_WARN_UNREACHABLE_CODE = YES;
				CLANG_WARN__DUPLICATE_METHOD_MATCH = YES;
				"CODE_SIGN_IDENTITY[sdk=iphoneos*]" = "iPhone Developer";
				COPY_PHASE_STRIP = NO;
				DEBUG_INFORMATION_FORMAT = "dwarf-with-dsym";
				ENABLE_NS_ASSERTIONS = NO;
				ENABLE_STRICT_OBJC_MSGSEND = YES;
				GCC_C_LANGUAGE_STANDARD = gnu99;
				GCC_NO_COMMON_BLOCKS = YES;
				GCC_WARN_64_TO_32_BIT_CONVERSION = YES;
				GCC_WARN_ABOUT_RETURN_TYPE = YES_ERROR;
				GCC_WARN_UNDECLARED_SELECTOR = YES;
				GCC_WARN_UNINITIALIZED_AUTOS = YES_AGGRESSIVE;
				GCC_WARN_UNUSED_FUNCTION = YES;
				GCC_WARN_UNUSED_VARIABLE = YES;
				IPHONEOS_DEPLOYMENT_TARGET = 9.3;
				MTL_ENABLE_DEBUG_INFO = NO;
				SDKROOT = iphoneos;
				TARGETED_DEVICE_FAMILY = "1,2";
				VALIDATE_PRODUCT = YES;
			};
			name = Release;
		};
		387850A51CB8E23400E50BD8 /* Debug */ = {
			isa = XCBuildConfiguration;
			buildSettings = {
				ASSETCATALOG_COMPILER_APPICON_NAME = AppIcon;
				CLANG_ENABLE_MODULES = YES;
				INFOPLIST_FILE = SCWWDC/Info.plist;
				LD_RUNPATH_SEARCH_PATHS = "$(inherited) @executable_path/Frameworks";
				PRODUCT_BUNDLE_IDENTIFIER = com.sebastiancain.SCWWDC;
				PRODUCT_NAME = "$(TARGET_NAME)";
				SWIFT_OBJC_BRIDGING_HEADER = "SCWWDC/SCWWDC-Bridging-Header.h";
				SWIFT_OPTIMIZATION_LEVEL = "-Onone";
			};
			name = Debug;
		};
		387850A61CB8E23400E50BD8 /* Release */ = {
			isa = XCBuildConfiguration;
			buildSettings = {
				ASSETCATALOG_COMPILER_APPICON_NAME = AppIcon;
				CLANG_ENABLE_MODULES = YES;
				INFOPLIST_FILE = SCWWDC/Info.plist;
				LD_RUNPATH_SEARCH_PATHS = "$(inherited) @executable_path/Frameworks";
				PRODUCT_BUNDLE_IDENTIFIER = com.sebastiancain.SCWWDC;
				PRODUCT_NAME = "$(TARGET_NAME)";
				SWIFT_OBJC_BRIDGING_HEADER = "SCWWDC/SCWWDC-Bridging-Header.h";
			};
			name = Release;
		};
/* End XCBuildConfiguration section */

/* Begin XCConfigurationList section */
		3878508D1CB8E23400E50BD8 /* Build configuration list for PBXProject "SCWWDC" */ = {
			isa = XCConfigurationList;
			buildConfigurations = (
				387850A21CB8E23400E50BD8 /* Debug */,
				387850A31CB8E23400E50BD8 /* Release */,
			);
			defaultConfigurationIsVisible = 0;
			defaultConfigurationName = Release;
		};
		387850A41CB8E23400E50BD8 /* Build configuration list for PBXNativeTarget "SCWWDC" */ = {
			isa = XCConfigurationList;
			buildConfigurations = (
				387850A51CB8E23400E50BD8 /* Debug */,
				387850A61CB8E23400E50BD8 /* Release */,
			);
			defaultConfigurationIsVisible = 0;
			defaultConfigurationName = Release;
		};
/* End XCConfigurationList section */
	};
	rootObject = 3878508A1CB8E23400E50BD8 /* Project object */;
}
